{
  "name": "ExoChain-Engine",
  "lockfileVersion": 3,
  "requires": true,
  "packages": {
    "": {
      "dependencies": {
        "@arcnautical/maritime-routing": "^1.0.1"
      }
    },
    "node_modules/@arcnautical/maritime-routing": {
      "version": "1.0.1",
      "resolved": "https://registry.npmjs.org/@arcnautical/maritime-routing/-/maritime-routing-1.0.1.tgz",
      "integrity": "sha512-6v+IrFiKaooGG20PreD/3Z2Frcz4/JCnN1X0JSPFDM2whPZ0gUJMstu+qvPQBTvkgWjuULIlx84ud7Hc/P7gDQ==",
      "license": "MIT",
      "engines": {
        "node": ">=18.0.0"
      }
    }
  }
}
